
Microsoft Visual Studio Solution File, Format Version 12.00
# Visual Studio Version 16
VisualStudioVersion = 16.0.30413.136
MinimumVisualStudioVersion = 10.0.40219.1
Project("{8BC9CEB8-8B4A-11D0-8D11-00A0C91BC942}") = "Student manager", "Student manager\Student manager.vcxproj", "{44381D76-1698-46CA-8231-518960B13A69}"
EndProject
Global
	GlobalSection(SolutionConfigurationPlatforms) = preSolution
		Debug|x64 = Debug|x64
		Debug|x86 = Debug|x86
		Release|x64 = Release|x64
		Release|x86 = Release|x86
	EndGlobalSection
	GlobalSection(ProjectConfigurationPlatforms) = postSolution
		{44381D76-1698-46CA-8231-518960B13A69}.Debug|x64.ActiveCfg = Debug|x64
		{44381D76-1698-46CA-8231-518960B13A69}.Debug|x64.Build.0 = Debug|x64
		{44381D76-1698-46CA-8231-518960B13A69}.Debug|x86.ActiveCfg = Debug|Win32
		{44381D76-1698-46CA-8231-518960B13A69}.Debug|x86.Build.0 = Debug|Win32
		{44381D76-1698-46CA-8231-518960B13A69}.Release|x64.ActiveCfg = Release|x64
		{44381D76-1698-46CA-8231-518960B13A69}.Release|x64.Build.0 = Release|x64
		{44381D76-1698-46CA-8231-518960B13A69}.Release|x86.ActiveCfg = Release|Win32
		{44381D76-1698-46CA-8231-518960B13A69}.Release|x86.Build.0 = Release|Win32
	EndGlobalSection
	GlobalSection(SolutionProperties) = preSolution
		HideSolutionNode = FALSE
	EndGlobalSection
	GlobalSection(ExtensibilityGlobals) = postSolution
		SolutionGuid = {9D6A9BBC-90A9-4213-A624-E52B8A02D78C}
	EndGlobalSection
EndGlobal
